// !$*UTF8*$!
{
	archiveVersion = 1;
	classes = {
	};
	objectVersion = 50;
	objects = {

/* Begin PBXBuildFile section */
		5D526CAD27F17B9C88A662D6 /* Pods_RunaudioTests.framework in Frameworks */ = {isa = PBXBuildFile; fileRef = 0CAC353EB2E175E561162ED8 /* Pods_RunaudioTests.framework */; };
		F7BBBDADD16A2619F3DA620D /* Pods_Runaudio.framework in Frameworks */ = {isa = PBXBuildFile; fileRef = D9325D8FFFB4C16AB27EC969 /* Pods_Runaudio.framework */; };
		FAA177332321D52A00C5C8EC /* AppDelegate.swift in Sources */ = {isa = PBXBuildFile; fileRef = FAA177322321D52A00C5C8EC /* AppDelegate.swift */; };
		FAA177352321D52A00C5C8EC /* ViewController.swift in Sources */ = {isa = PBXBuildFile; fileRef = FAA177342321D52A00C5C8EC /* ViewController.swift */; };
		FAA177382321D52A00C5C8EC /* Main.storyboard in Resources */ = {isa = PBXBuildFile; fileRef = FAA177362321D52A00C5C8EC /* Main.storyboard */; };
		FAA1773B2321D52A00C5C8EC /* Runaudio.xcdatamodeld in Sources */ = {isa = PBXBuildFile; fileRef = FAA177392321D52A00C5C8EC /* Runaudio.xcdatamodeld */; };
		FAA1773D2321D52C00C5C8EC /* Assets.xcassets in Resources */ = {isa = PBXBuildFile; fileRef = FAA1773C2321D52C00C5C8EC /* Assets.xcassets */; };
		FAA177402321D52C00C5C8EC /* LaunchScreen.storyboard in Resources */ = {isa = PBXBuildFile; fileRef = FAA1773E2321D52C00C5C8EC /* LaunchScreen.storyboard */; };
		FAA1774B2321D52C00C5C8EC /* RunaudioTests.swift in Sources */ = {isa = PBXBuildFile; fileRef = FAA1774A2321D52C00C5C8EC /* RunaudioTests.swift */; };
/* End PBXBuildFile section */

/* Begin PBXContainerItemProxy section */
		FAA177472321D52C00C5C8EC /* PBXContainerItemProxy */ = {
			isa = PBXContainerItemProxy;
			containerPortal = FAA177272321D52A00C5C8EC /* Project object */;
			proxyType = 1;
			remoteGlobalIDString = FAA1772E2321D52A00C5C8EC;
			remoteInfo = Runaudio;
		};
/* End PBXContainerItemProxy section */

/* Begin PBXCopyFilesBuildPhase section */
		FAA177622321E27600C5C8EC /* Embed Frameworks */ = {
			isa = PBXCopyFilesBuildPhase;
			buildActionMask = 2147483647;
			dstPath = "";
			dstSubfolderSpec = 10;
			files = (
			);
			name = "Embed Frameworks";
			runOnlyForDeploymentPostprocessing = 0;
		};
/* End PBXCopyFilesBuildPhase section */

/* Begin PBXFileReference section */
		0CAC353EB2E175E561162ED8 /* Pods_RunaudioTests.framework */ = {isa = PBXFileReference; explicitFileType = wrapper.framework; includeInIndex = 0; path = Pods_RunaudioTests.framework; sourceTree = BUILT_PRODUCTS_DIR; };
		6F32D31552FFBCCEBB26C31C /* Pods-Runaudio.debug.xcconfig */ = {isa = PBXFileReference; includeInIndex = 1; lastKnownFileType = text.xcconfig; name = "Pods-Runaudio.debug.xcconfig"; path = "Target Support Files/Pods-Runaudio/Pods-Runaudio.debug.xcconfig"; sourceTree = "<group>"; };
		A81F1B6E52776ACE95B81210 /* Pods-RunaudioTests.debug.xcconfig */ = {isa = PBXFileReference; includeInIndex = 1; lastKnownFileType = text.xcconfig; name = "Pods-RunaudioTests.debug.xcconfig"; path = "Target Support Files/Pods-RunaudioTests/Pods-RunaudioTests.debug.xcconfig"; sourceTree = "<group>"; };
		D15BA499E0AA517BB8EF10CB /* Pods-RunaudioTests.release.xcconfig */ = {isa = PBXFileReference; includeInIndex = 1; lastKnownFileType = text.xcconfig; name = "Pods-RunaudioTests.release.xcconfig"; path = "Target Support Files/Pods-RunaudioTests/Pods-RunaudioTests.release.xcconfig"; sourceTree = "<group>"; };
		D9325D8FFFB4C16AB27EC969 /* Pods_Runaudio.framework */ = {isa = PBXFileReference; explicitFileType = wrapper.framework; includeInIndex = 0; path = Pods_Runaudio.framework; sourceTree = BUILT_PRODUCTS_DIR; };
		EC518C2867DEA9164A6FDD28 /* Pods-Runaudio.release.xcconfig */ = {isa = PBXFileReference; includeInIndex = 1; lastKnownFileType = text.xcconfig; name = "Pods-Runaudio.release.xcconfig"; path = "Target Support Files/Pods-Runaudio/Pods-Runaudio.release.xcconfig"; sourceTree = "<group>"; };
		FAA1772F2321D52A00C5C8EC /* Runaudio.app */ = {isa = PBXFileReference; explicitFileType = wrapper.application; includeInIndex = 0; path = Runaudio.app; sourceTree = BUILT_PRODUCTS_DIR; };
		FAA177322321D52A00C5C8EC /* AppDelegate.swift */ = {isa = PBXFileReference; lastKnownFileType = sourcecode.swift; path = AppDelegate.swift; sourceTree = "<group>"; };
		FAA177342321D52A00C5C8EC /* ViewController.swift */ = {isa = PBXFileReference; lastKnownFileType = sourcecode.swift; path = ViewController.swift; sourceTree = "<group>"; };
		FAA177372321D52A00C5C8EC /* Base */ = {isa = PBXFileReference; lastKnownFileType = file.storyboard; name = Base; path = Base.lproj/Main.storyboard; sourceTree = "<group>"; };
		FAA1773A2321D52A00C5C8EC /* Runaudio.xcdatamodel */ = {isa = PBXFileReference; lastKnownFileType = wrapper.xcdatamodel; path = Runaudio.xcdatamodel; sourceTree = "<group>"; };
		FAA1773C2321D52C00C5C8EC /* Assets.xcassets */ = {isa = PBXFileReference; lastKnownFileType = folder.assetcatalog; path = Assets.xcassets; sourceTree = "<group>"; };
		FAA1773F2321D52C00C5C8EC /* Base */ = {isa = PBXFileReference; lastKnownFileType = file.storyboard; name = Base; path = Base.lproj/LaunchScreen.storyboard; sourceTree = "<group>"; };
		FAA177412321D52C00C5C8EC /* Info.plist */ = {isa = PBXFileReference; lastKnownFileType = text.plist.xml; path = Info.plist; sourceTree = "<group>"; };
		FAA177462321D52C00C5C8EC /* RunaudioTests.xctest */ = {isa = PBXFileReference; explicitFileType = wrapper.cfbundle; includeInIndex = 0; path = RunaudioTests.xctest; sourceTree = BUILT_PRODUCTS_DIR; };
		FAA1774A2321D52C00C5C8EC /* RunaudioTests.swift */ = {isa = PBXFileReference; lastKnownFileType = sourcecode.swift; path = RunaudioTests.swift; sourceTree = "<group>"; };
		FAA1774C2321D52C00C5C8EC /* Info.plist */ = {isa = PBXFileReference; lastKnownFileType = text.plist.xml; path = Info.plist; sourceTree = "<group>"; };
/* End PBXFileReference section */

/* Begin PBXFrameworksBuildPhase section */
		FAA1772C2321D52A00C5C8EC /* Frameworks */ = {
			isa = PBXFrameworksBuildPhase;
			buildActionMask = 2147483647;
			files = (
				F7BBBDADD16A2619F3DA620D /* Pods_Runaudio.framework in Frameworks */,
			);
			runOnlyForDeploymentPostprocessing = 0;
		};
		FAA177432321D52C00C5C8EC /* Frameworks */ = {
			isa = PBXFrameworksBuildPhase;
			buildActionMask = 2147483647;
			files = (
				5D526CAD27F17B9C88A662D6 /* Pods_RunaudioTests.framework in Frameworks */,
			);
			runOnlyForDeploymentPostprocessing = 0;
		};
/* End PBXFrameworksBuildPhase section */

/* Begin PBXGroup section */
		1380048057EEEB1D1E6C63C1 /* Pods */ = {
			isa = PBXGroup;
			children = (
				6F32D31552FFBCCEBB26C31C /* Pods-Runaudio.debug.xcconfig */,
				EC518C2867DEA9164A6FDD28 /* Pods-Runaudio.release.xcconfig */,
				A81F1B6E52776ACE95B81210 /* Pods-RunaudioTests.debug.xcconfig */,
				D15BA499E0AA517BB8EF10CB /* Pods-RunaudioTests.release.xcconfig */,
			);
			name = Pods;
			path = Pods;
			sourceTree = "<group>";
		};
		65E42DAB362F62526B25FE9F /* Frameworks */ = {
			isa = PBXGroup;
			children = (
				D9325D8FFFB4C16AB27EC969 /* Pods_Runaudio.framework */,
				0CAC353EB2E175E561162ED8 /* Pods_RunaudioTests.framework */,
			);
			name = Frameworks;
			sourceTree = "<group>";
		};
		FAA177262321D52A00C5C8EC = {
			isa = PBXGroup;
			children = (
				FAA177312321D52A00C5C8EC /* Runaudio */,
				FAA177492321D52C00C5C8EC /* RunaudioTests */,
				FAA177302321D52A00C5C8EC /* Products */,
				1380048057EEEB1D1E6C63C1 /* Pods */,
				65E42DAB362F62526B25FE9F /* Frameworks */,
			);
			sourceTree = "<group>";
		};
		FAA177302321D52A00C5C8EC /* Products */ = {
			isa = PBXGroup;
			children = (
				FAA1772F2321D52A00C5C8EC /* Runaudio.app */,
				FAA177462321D52C00C5C8EC /* RunaudioTests.xctest */,
			);
			name = Products;
			sourceTree = "<group>";
		};
		FAA177312321D52A00C5C8EC /* Runaudio */ = {
			isa = PBXGroup;
			children = (
				FAA177322321D52A00C5C8EC /* AppDelegate.swift */,
				FAA177342321D52A00C5C8EC /* ViewController.swift */,
				FAA177362321D52A00C5C8EC /* Main.storyboard */,
				FAA1773C2321D52C00C5C8EC /* Assets.xcassets */,
				FAA1773E2321D52C00C5C8EC /* LaunchScreen.storyboard */,
				FAA177412321D52C00C5C8EC /* Info.plist */,
				FAA177392321D52A00C5C8EC /* Runaudio.xcdatamodeld */,
			);
			path = Runaudio;
			sourceTree = "<group>";
		};
		FAA177492321D52C00C5C8EC /* RunaudioTests */ = {
			isa = PBXGroup;
			children = (
				FAA1774A2321D52C00C5C8EC /* RunaudioTests.swift */,
				FAA1774C2321D52C00C5C8EC /* Info.plist */,
			);
			path = RunaudioTests;
			sourceTree = "<group>";
		};
/* End PBXGroup section */

/* Begin PBXNativeTarget section */
		FAA1772E2321D52A00C5C8EC /* Runaudio */ = {
			isa = PBXNativeTarget;
			buildConfigurationList = FAA1774F2321D52C00C5C8EC /* Build configuration list for PBXNativeTarget "Runaudio" */;
			buildPhases = (
				AB75A49057CA8C5B4DCAFD42 /* [CP] Check Pods Manifest.lock */,
				FAA1772B2321D52A00C5C8EC /* Sources */,
				FAA1772C2321D52A00C5C8EC /* Frameworks */,
				FAA1772D2321D52A00C5C8EC /* Resources */,
				FAA177622321E27600C5C8EC /* Embed Frameworks */,
				750813707FE1317A2C776627 /* [CP] Embed Pods Frameworks */,
			);
			buildRules = (
			);
			dependencies = (
			);
			name = Runaudio;
			productName = Runaudio;
			productReference = FAA1772F2321D52A00C5C8EC /* Runaudio.app */;
			productType = "com.apple.product-type.application";
		};
		FAA177452321D52C00C5C8EC /* RunaudioTests */ = {
			isa = PBXNativeTarget;
			buildConfigurationList = FAA177522321D52C00C5C8EC /* Build configuration list for PBXNativeTarget "RunaudioTests" */;
			buildPhases = (
				D7718E6D012011D0A7C792CE /* [CP] Check Pods Manifest.lock */,
				FAA177422321D52C00C5C8EC /* Sources */,
				FAA177432321D52C00C5C8EC /* Frameworks */,
				FAA177442321D52C00C5C8EC /* Resources */,
			);
			buildRules = (
			);
			dependencies = (
				FAA177482321D52C00C5C8EC /* PBXTargetDependency */,
			);
			name = RunaudioTests;
			productName = RunaudioTests;
			productReference = FAA177462321D52C00C5C8EC /* RunaudioTests.xctest */;
			productType = "com.apple.product-type.bundle.unit-test";
		};
/* End PBXNativeTarget section */

/* Begin PBXProject section */
		FAA177272321D52A00C5C8EC /* Project object */ = {
			isa = PBXProject;
			attributes = {
				LastSwiftUpdateCheck = 1030;
				LastUpgradeCheck = 1030;
				TargetAttributes = {
					FAA1772E2321D52A00C5C8EC = {
						CreatedOnToolsVersion = 10.3;
					};
					FAA177452321D52C00C5C8EC = {
						CreatedOnToolsVersion = 10.3;
						TestTargetID = FAA1772E2321D52A00C5C8EC;
					};
				};
			};
			buildConfigurationList = FAA1772A2321D52A00C5C8EC /* Build configuration list for PBXProject "Runaudio" */;
			compatibilityVersion = "Xcode 9.3";
			developmentRegion = en;
			hasScannedForEncodings = 0;
			knownRegions = (
				en,
				Base,
			);
			mainGroup = FAA177262321D52A00C5C8EC;
			productRefGroup = FAA177302321D52A00C5C8EC /* Products */;
			projectDirPath = "";
			projectRoot = "";
			targets = (
				FAA1772E2321D52A00C5C8EC /* Runaudio */,
				FAA177452321D52C00C5C8EC /* RunaudioTests */,
			);
		};
/* End PBXProject section */

/* Begin PBXResourcesBuildPhase section */
		FAA1772D2321D52A00C5C8EC /* Resources */ = {
			isa = PBXResourcesBuildPhase;
			buildActionMask = 2147483647;
			files = (
				FAA177402321D52C00C5C8EC /* LaunchScreen.storyboard in Resources */,
				FAA1773D2321D52C00C5C8EC /* Assets.xcassets in Resources */,
				FAA177382321D52A00C5C8EC /* Main.storyboard in Resources */,
			);
			runOnlyForDeploymentPostprocessing = 0;
		};
		FAA177442321D52C00C5C8EC /* Resources */ = {
			isa = PBXResourcesBuildPhase;
			buildActionMask = 2147483647;
			files = (
			);
			runOnlyForDeploymentPostprocessing = 0;
		};
/* End PBXResourcesBuildPhase section */

/* Begin PBXShellScriptBuildPhase section */
		750813707FE1317A2C776627 /* [CP] Embed Pods Frameworks */ = {
			isa = PBXShellScriptBuildPhase;
			buildActionMask = 2147483647;
			files = (
			);
			inputFileListPaths = (
				"${PODS_ROOT}/Target Support Files/Pods-Runaudio/Pods-Runaudio-frameworks-${CONFIGURATION}-input-files.xcfilelist",
			);
			name = "[CP] Embed Pods Frameworks";
			outputFileListPaths = (
				"${PODS_ROOT}/Target Support Files/Pods-Runaudio/Pods-Runaudio-frameworks-${CONFIGURATION}-output-files.xcfilelist",
			);
			runOnlyForDeploymentPostprocessing = 0;
			shellPath = /bin/sh;
			shellScript = "\"${PODS_ROOT}/Target Support Files/Pods-Runaudio/Pods-Runaudio-frameworks.sh\"\n";
			showEnvVarsInLog = 0;
		};
		AB75A49057CA8C5B4DCAFD42 /* [CP] Check Pods Manifest.lock */ = {
			isa = PBXShellScriptBuildPhase;
			buildActionMask = 2147483647;
			files = (
			);
			inputFileListPaths = (
			);
			inputPaths = (
				"${PODS_PODFILE_DIR_PATH}/Podfile.lock",
				"${PODS_ROOT}/Manifest.lock",
			);
			name = "[CP] Check Pods Manifest.lock";
			outputFileListPaths = (
			);
			outputPaths = (
				"$(DERIVED_FILE_DIR)/Pods-Runaudio-checkManifestLockResult.txt",
			);
			runOnlyForDeploymentPostprocessing = 0;
			shellPath = /bin/sh;
			shellScript = "diff \"${PODS_PODFILE_DIR_PATH}/Podfile.lock\" \"${PODS_ROOT}/Manifest.lock\" > /dev/null\nif [ $? != 0 ] ; then\n    # print error to STDERR\n    echo \"error: The sandbox is not in sync with the Podfile.lock. Run 'pod install' or update your CocoaPods installation.\" >&2\n    exit 1\nfi\n# This output is used by Xcode 'outputs' to avoid re-running this script phase.\necho \"SUCCESS\" > \"${SCRIPT_OUTPUT_FILE_0}\"\n";
			showEnvVarsInLog = 0;
		};
		D7718E6D012011D0A7C792CE /* [CP] Check Pods Manifest.lock */ = {
			isa = PBXShellScriptBuildPhase;
			buildActionMask = 2147483647;
			files = (
			);
			inputFileListPaths = (
			);
			inputPaths = (
				"${PODS_PODFILE_DIR_PATH}/Podfile.lock",
				"${PODS_ROOT}/Manifest.lock",
			);
			name = "[CP] Check Pods Manifest.lock";
			outputFileListPaths = (
			);
			outputPaths = (
				"$(DERIVED_FILE_DIR)/Pods-RunaudioTests-checkManifestLockResult.txt",
			);
			runOnlyForDeploymentPostprocessing = 0;
			shellPath = /bin/sh;
			shellScript = "diff \"${PODS_PODFILE_DIR_PATH}/Podfile.lock\" \"${PODS_ROOT}/Manifest.lock\" > /dev/null\nif [ $? != 0 ] ; then\n    # print error to STDERR\n    echo \"error: The sandbox is not in sync with the Podfile.lock. Run 'pod install' or update your CocoaPods installation.\" >&2\n    exit 1\nfi\n# This output is used by Xcode 'outputs' to avoid re-running this script phase.\necho \"SUCCESS\" > \"${SCRIPT_OUTPUT_FILE_0}\"\n";
			showEnvVarsInLog = 0;
		};
/* End PBXShellScriptBuildPhase section */

/* Begin PBXSourcesBuildPhase section */
		FAA1772B2321D52A00C5C8EC /* Sources */ = {
			isa = PBXSourcesBuildPhase;
			buildActionMask = 2147483647;
			files = (
				FAA177352321D52A00C5C8EC /* ViewController.swift in Sources */,
				FAA1773B2321D52A00C5C8EC /* Runaudio.xcdatamodeld in Sources */,
				FAA177332321D52A00C5C8EC /* AppDelegate.swift in Sources */,
			);
			runOnlyForDeploymentPostprocessing = 0;
		};
		FAA177422321D52C00C5C8EC /* Sources */ = {
			isa = PBXSourcesBuildPhase;
			buildActionMask = 2147483647;
			files = (
				FAA1774B2321D52C00C5C8EC /* RunaudioTests.swift in Sources */,
			);
			runOnlyForDeploymentPostprocessing = 0;
		};
/* End PBXSourcesBuildPhase section */

/* Begin PBXTargetDependency section */
		FAA177482321D52C00C5C8EC /* PBXTargetDependency */ = {
			isa = PBXTargetDependency;
			target = FAA1772E2321D52A00C5C8EC /* Runaudio */;
			targetProxy = FAA177472321D52C00C5C8EC /* PBXContainerItemProxy */;
		};
/* End PBXTargetDependency section */

/* Begin PBXVariantGroup section */
		FAA177362321D52A00C5C8EC /* Main.storyboard */ = {
			isa = PBXVariantGroup;
			children = (
				FAA177372321D52A00C5C8EC /* Base */,
			);
			name = Main.storyboard;
			sourceTree = "<group>";
		};
		FAA1773E2321D52C00C5C8EC /* LaunchScreen.storyboard */ = {
			isa = PBXVariantGroup;
			children = (
				FAA1773F2321D52C00C5C8EC /* Base */,
			);
			name = LaunchScreen.storyboard;
			sourceTree = "<group>";
		};
/* End PBXVariantGroup section */

/* Begin XCBuildConfiguration section */
		FAA1774D2321D52C00C5C8EC /* Debug */ = {
			isa = XCBuildConfiguration;
			buildSettings = {
				ALWAYS_SEARCH_USER_PATHS = NO;
				CLANG_ANALYZER_NONNULL = YES;
				CLANG_ANALYZER_NUMBER_OBJECT_CONVERSION = YES_AGGRESSIVE;
				CLANG_CXX_LANGUAGE_STANDARD = "gnu++14";
				CLANG_CXX_LIBRARY = "libc++";
				CLANG_ENABLE_MODULES = YES;
				CLANG_ENABLE_OBJC_ARC = YES;
				CLANG_ENABLE_OBJC_WEAK = YES;
				CLANG_WARN_BLOCK_CAPTURE_AUTORELEASING = YES;
				CLANG_WARN_BOOL_CONVERSION = YES;
				CLANG_WARN_COMMA = YES;
				CLANG_WARN_CONSTANT_CONVERSION = YES;
				CLANG_WARN_DEPRECATED_OBJC_IMPLEMENTATIONS = YES;
				CLANG_WARN_DIRECT_OBJC_ISA_USAGE = YES_ERROR;
				CLANG_WARN_DOCUMENTATION_COMMENTS = YES;
				CLANG_WARN_EMPTY_BODY = YES;
				CLANG_WARN_ENUM_CONVERSION = YES;
				CLANG_WARN_INFINITE_RECURSION = YES;
				CLANG_WARN_INT_CONVERSION = YES;
				CLANG_WARN_NON_LITERAL_NULL_CONVERSION = YES;
				CLANG_WARN_OBJC_IMPLICIT_RETAIN_SELF = YES;
				CLANG_WARN_OBJC_LITERAL_CONVERSION = YES;
				CLANG_WARN_OBJC_ROOT_CLASS = YES_ERROR;
				CLANG_WARN_RANGE_LOOP_ANALYSIS = YES;
				CLANG_WARN_STRICT_PROTOTYPES = YES;
				CLANG_WARN_SUSPICIOUS_MOVE = YES;
				CLANG_WARN_UNGUARDED_AVAILABILITY = YES_AGGRESSIVE;
				CLANG_WARN_UNREACHABLE_CODE = YES;
				CLANG_WARN__DUPLICATE_METHOD_MATCH = YES;
				CODE_SIGN_IDENTITY = "iPhone Developer";
				COPY_PHASE_STRIP = NO;
				DEBUG_INFORMATION_FORMAT = dwarf;
				ENABLE_STRICT_OBJC_MSGSEND = YES;
				ENABLE_TESTABILITY = YES;
				GCC_C_LANGUAGE_STANDARD = gnu11;
				GCC_DYNAMIC_NO_PIC = NO;
				GCC_NO_COMMON_BLOCKS = YES;
				GCC_OPTIMIZATION_LEVEL = 0;
				GCC_PREPROCESSOR_DEFINITIONS = (
					"DEBUG=1",
					"$(inherited)",
				);
				GCC_WARN_64_TO_32_BIT_CONVERSION = YES;
				GCC_WARN_ABOUT_RETURN_TYPE = YES_ERROR;
				GCC_WARN_UNDECLARED_SELECTOR = YES;
				GCC_WARN_UNINITIALIZED_AUTOS = YES_AGGRESSIVE;
				GCC_WARN_UNUSED_FUNCTION = YES;
				GCC_WARN_UNUSED_VARIABLE = YES;
				IPHONEOS_DEPLOYMENT_TARGET = 12.4;
				MTL_ENABLE_DEBUG_INFO = INCLUDE_SOURCE;
				MTL_FAST_MATH = YES;
				ONLY_ACTIVE_ARCH = YES;
				SDKROOT = iphoneos;
				SWIFT_ACTIVE_COMPILATION_CONDITIONS = DEBUG;
				SWIFT_OPTIMIZATION_LEVEL = "-Onone";
			};
			name = Debug;
		};
		FAA1774E2321D52C00C5C8EC /* Release */ = {
			isa = XCBuildConfiguration;
			buildSettings = {
				ALWAYS_SEARCH_USER_PATHS = NO;
				CLANG_ANALYZER_NONNULL = YES;
				CLANG_ANALYZER_NUMBER_OBJECT_CONVERSION = YES_AGGRESSIVE;
				CLANG_CXX_LANGUAGE_STANDARD = "gnu++14";
				CLANG_CXX_LIBRARY = "libc++";
				CLANG_ENABLE_MODULES = YES;
				CLANG_ENABLE_OBJC_ARC = YES;
				CLANG_ENABLE_OBJC_WEAK = YES;
				CLANG_WARN_BLOCK_CAPTURE_AUTORELEASING = YES;
				CLANG_WARN_BOOL_CONVERSION = YES;
				CLANG_WARN_COMMA = YES;
				CLANG_WARN_CONSTANT_CONVERSION = YES;
				CLANG_WARN_DEPRECATED_OBJC_IMPLEMENTATIONS = YES;
				CLANG_WARN_DIRECT_OBJC_ISA_USAGE = YES_ERROR;
				CLANG_WARN_DOCUMENTATION_COMMENTS = YES;
				CLANG_WARN_EMPTY_BODY = YES;
				CLANG_WARN_ENUM_CONVERSION = YES;
				CLANG_WARN_INFINITE_RECURSION = YES;
				CLANG_WARN_INT_CONVERSION = YES;
				CLANG_WARN_NON_LITERAL_NULL_CONVERSION = YES;
				CLANG_WARN_OBJC_IMPLICIT_RETAIN_SELF = YES;
				CLANG_WARN_OBJC_LITERAL_CONVERSION = YES;
				CLANG_WARN_OBJC_ROOT_CLASS = YES_ERROR;
				CLANG_WARN_RANGE_LOOP_ANALYSIS = YES;
				CLANG_WARN_STRICT_PROTOTYPES = YES;
				CLANG_WARN_SUSPICIOUS_MOVE = YES;
				CLANG_WARN_UNGUARDED_AVAILABILITY = YES_AGGRESSIVE;
				CLANG_WARN_UNREACHABLE_CODE = YES;
				CLANG_WARN__DUPLICATE_METHOD_MATCH = YES;
				CODE_SIGN_IDENTITY = "iPhone Developer";
				COPY_PHASE_STRIP = NO;
				DEBUG_INFORMATION_FORMAT = "dwarf-with-dsym";
				ENABLE_NS_ASSERTIONS = NO;
				ENABLE_STRICT_OBJC_MSGSEND = YES;
				GCC_C_LANGUAGE_STANDARD = gnu11;
				GCC_NO_COMMON_BLOCKS = YES;
				GCC_WARN_64_TO_32_BIT_CONVERSION = YES;
				GCC_WARN_ABOUT_RETURN_TYPE = YES_ERROR;
				GCC_WARN_UNDECLARED_SELECTOR = YES;
				GCC_WARN_UNINITIALIZED_AUTOS = YES_AGGRESSIVE;
				GCC_WARN_UNUSED_FUNCTION = YES;
				GCC_WARN_UNUSED_VARIABLE = YES;
				IPHONEOS_DEPLOYMENT_TARGET = 12.4;
				MTL_ENABLE_DEBUG_INFO = NO;
				MTL_FAST_MATH = YES;
				SDKROOT = iphoneos;
				SWIFT_COMPILATION_MODE = wholemodule;
				SWIFT_OPTIMIZATION_LEVEL = "-O";
				VALIDATE_PRODUCT = YES;
			};
			name = Release;
		};
		FAA177502321D52C00C5C8EC /* Debug */ = {
			isa = XCBuildConfiguration;
			baseConfigurationReference = 6F32D31552FFBCCEBB26C31C /* Pods-Runaudio.debug.xcconfig */;
			buildSettings = {
				ALWAYS_EMBED_SWIFT_STANDARD_LIBRARIES = YES;
				ASSETCATALOG_COMPILER_APPICON_NAME = AppIcon;
				CODE_SIGN_STYLE = Automatic;
				DEVELOPMENT_TEAM = 8CLYEEY77K;
				INFOPLIST_FILE = Runaudio/Info.plist;
				LD_RUNPATH_SEARCH_PATHS = (
					"$(inherited)",
					"@executable_path/Frameworks",
				);
				PRODUCT_BUNDLE_IDENTIFIER = aurbano.eu.Runaudio;
				PRODUCT_NAME = "$(TARGET_NAME)";
				SWIFT_VERSION = 5.0;
				TARGETED_DEVICE_FAMILY = 1;
			};
			name = Debug;
		};
		FAA177512321D52C00C5C8EC /* Release */ = {
			isa = XCBuildConfiguration;
			baseConfigurationReference = EC518C2867DEA9164A6FDD28 /* Pods-Runaudio.release.xcconfig */;
			buildSettings = {
				ALWAYS_EMBED_SWIFT_STANDARD_LIBRARIES = YES;
				ASSETCATALOG_COMPILER_APPICON_NAME = AppIcon;
				CODE_SIGN_STYLE = Automatic;
				DEVELOPMENT_TEAM = 8CLYEEY77K;
				INFOPLIST_FILE = Runaudio/Info.plist;
				LD_RUNPATH_SEARCH_PATHS = (
					"$(inherited)",
					"@executable_path/Frameworks",
				);
				PRODUCT_BUNDLE_IDENTIFIER = aurbano.eu.Runaudio;
				PRODUCT_NAME = "$(TARGET_NAME)";
				SWIFT_VERSION = 5.0;
				TARGETED_DEVICE_FAMILY = 1;
			};
			name = Release;
		};
		FAA177532321D52C00C5C8EC /* Debug */ = {
			isa = XCBuildConfiguration;
			baseConfigurationReference = A81F1B6E52776ACE95B81210 /* Pods-RunaudioTests.debug.xcconfig */;
			buildSettings = {
				ALWAYS_EMBED_SWIFT_STANDARD_LIBRARIES = YES;
				BUNDLE_LOADER = "$(TEST_HOST)";
				CODE_SIGN_STYLE = Automatic;
				INFOPLIST_FILE = RunaudioTests/Info.plist;
				LD_RUNPATH_SEARCH_PATHS = (
					"$(inherited)",
					"@executable_path/Frameworks",
					"@loader_path/Frameworks",
				);
				PRODUCT_BUNDLE_IDENTIFIER = aurbano.eu.RunaudioTests;
				PRODUCT_NAME = "$(TARGET_NAME)";
				SWIFT_VERSION = 5.0;
				TARGETED_DEVICE_FAMILY = "1,2";
				TEST_HOST = "$(BUILT_PRODUCTS_DIR)/Runaudio.app/Runaudio";
			};
			name = Debug;
		};
		FAA177542321D52C00C5C8EC /* Release */ = {
			isa = XCBuildConfiguration;
			baseConfigurationReference = D15BA499E0AA517BB8EF10CB /* Pods-RunaudioTests.release.xcconfig */;
			buildSettings = {
				ALWAYS_EMBED_SWIFT_STANDARD_LIBRARIES = YES;
				BUNDLE_LOADER = "$(TEST_HOST)";
				CODE_SIGN_STYLE = Automatic;
				INFOPLIST_FILE = RunaudioTests/Info.plist;
				LD_RUNPATH_SEARCH_PATHS = (
					"$(inherited)",
					"@executable_path/Frameworks",
					"@loader_path/Frameworks",
				);
				PRODUCT_BUNDLE_IDENTIFIER = aurbano.eu.RunaudioTests;
				PRODUCT_NAME = "$(TARGET_NAME)";
				SWIFT_VERSION = 5.0;
				TARGETED_DEVICE_FAMILY = "1,2";
				TEST_HOST = "$(BUILT_PRODUCTS_DIR)/Runaudio.app/Runaudio";
			};
			name = Release;
		};
/* End XCBuildConfiguration section */

/* Begin XCConfigurationList section */
		FAA1772A2321D52A00C5C8EC /* Build configuration list for PBXProject "Runaudio" */ = {
			isa = XCConfigurationList;
			buildConfigurations = (
				FAA1774D2321D52C00C5C8EC /* Debug */,
				FAA1774E2321D52C00C5C8EC /* Release */,
			);
			defaultConfigurationIsVisible = 0;
			defaultConfigurationName = Release;
		};
		FAA1774F2321D52C00C5C8EC /* Build configuration list for PBXNativeTarget "Runaudio" */ = {
			isa = XCConfigurationList;
			buildConfigurations = (
				FAA177502321D52C00C5C8EC /* Debug */,
				FAA177512321D52C00C5C8EC /* Release */,
			);
			defaultConfigurationIsVisible = 0;
			defaultConfigurationName = Release;
		};
		FAA177522321D52C00C5C8EC /* Build configuration list for PBXNativeTarget "RunaudioTests" */ = {
			isa = XCConfigurationList;
			buildConfigurations = (
				FAA177532321D52C00C5C8EC /* Debug */,
				FAA177542321D52C00C5C8EC /* Release */,
			);
			defaultConfigurationIsVisible = 0;
			defaultConfigurationName = Release;
		};
/* End XCConfigurationList section */

/* Begin XCVersionGroup section */
		FAA177392321D52A00C5C8EC /* Runaudio.xcdatamodeld */ = {
			isa = XCVersionGroup;
			children = (
				FAA1773A2321D52A00C5C8EC /* Runaudio.xcdatamodel */,
			);
			currentVersion = FAA1773A2321D52A00C5C8EC /* Runaudio.xcdatamodel */;
			path = Runaudio.xcdatamodeld;
			sourceTree = "<group>";
			versionGroupType = wrapper.xcdatamodel;
		};
/* End XCVersionGroup section */
	};
	rootObject = FAA177272321D52A00C5C8EC /* Project object */;
}
